
Microsoft Visual Studio Solution File, Format Version 12.00
# Visual Studio Version 17
VisualStudioVersion = 17.4.33205.214
MinimumVisualStudioVersion = 10.0.40219.1
Project("{FAE04EC0-301F-11D3-BF4B-00C04F79EFBC}") = "Testing_Lab1", "Testing\Testing_Lab1.csproj", "{49F7617D-AC8E-4DFB-AF25-DA89AC15D546}"
EndProject
Project("{FAE04EC0-301F-11D3-BF4B-00C04F79EFBC}") = "Test", "Test\Test.csproj", "{419B4E6C-2790-4804-B354-1D3454A84155}"
EndProject
Global
	GlobalSection(SolutionConfigurationPlatforms) = preSolution
		Debug|Any CPU = Debug|Any CPU
		Release|Any CPU = Release|Any CPU
	EndGlobalSection
	GlobalSection(ProjectConfigurationPlatforms) = postSolution
		{49F7617D-AC8E-4DFB-AF25-DA89AC15D546}.Debug|Any CPU.ActiveCfg = Debug|Any CPU
		{49F7617D-AC8E-4DFB-AF25-DA89AC15D546}.Debug|Any CPU.Build.0 = Debug|Any CPU
		{49F7617D-AC8E-4DFB-AF25-DA89AC15D546}.Release|Any CPU.ActiveCfg = Release|Any CPU
		{49F7617D-AC8E-4DFB-AF25-DA89AC15D546}.Release|Any CPU.Build.0 = Release|Any CPU
		{419B4E6C-2790-4804-B354-1D3454A84155}.Debug|Any CPU.ActiveCfg = Debug|Any CPU
		{419B4E6C-2790-4804-B354-1D3454A84155}.Debug|Any CPU.Build.0 = Debug|Any CPU
		{419B4E6C-2790-4804-B354-1D3454A84155}.Release|Any CPU.ActiveCfg = Release|Any CPU
		{419B4E6C-2790-4804-B354-1D3454A84155}.Release|Any CPU.Build.0 = Release|Any CPU
	EndGlobalSection
	GlobalSection(SolutionProperties) = preSolution
		HideSolutionNode = FALSE
	EndGlobalSection
	GlobalSection(ExtensibilityGlobals) = postSolution
		SolutionGuid = {ABA2B3F2-BAE2-421B-A9E0-4DA4419FB644}
	EndGlobalSection
EndGlobal
